// !$*UTF8*$!
{
	archiveVersion = 1;
	classes = {
	};
	objectVersion = 46;
	objects = {

/* Begin PBXBuildFile section */
		319435061FC08AEF0018537C /* AppDelegate.swift in Sources */ = {isa = PBXBuildFile; fileRef = 319435051FC08AEF0018537C /* AppDelegate.swift */; };
		319435081FC08AEF0018537C /* MainViewController.swift in Sources */ = {isa = PBXBuildFile; fileRef = 319435071FC08AEF0018537C /* MainViewController.swift */; };
		3194350B1FC08AEF0018537C /* Main.storyboard in Resources */ = {isa = PBXBuildFile; fileRef = 319435091FC08AEF0018537C /* Main.storyboard */; };
		3194350D1FC08AEF0018537C /* Assets.xcassets in Resources */ = {isa = PBXBuildFile; fileRef = 3194350C1FC08AEF0018537C /* Assets.xcassets */; };
		319435101FC08AEF0018537C /* LaunchScreen.storyboard in Resources */ = {isa = PBXBuildFile; fileRef = 3194350E1FC08AEF0018537C /* LaunchScreen.storyboard */; };
		31F7F7321FC217520088EDCF /* surf.xcdatamodeld in Sources */ = {isa = PBXBuildFile; fileRef = 31F7F7301FC217520088EDCF /* surf.xcdatamodeld */; };
		31F7F7341FC21BFB0088EDCF /* BookmarkViewController.swift in Sources */ = {isa = PBXBuildFile; fileRef = 31F7F7331FC21BFB0088EDCF /* BookmarkViewController.swift */; };
/* End PBXBuildFile section */

/* Begin PBXFileReference section */
		319435021FC08AEF0018537C /* Surf.app */ = {isa = PBXFileReference; explicitFileType = wrapper.application; includeInIndex = 0; path = Surf.app; sourceTree = BUILT_PRODUCTS_DIR; };
		319435051FC08AEF0018537C /* AppDelegate.swift */ = {isa = PBXFileReference; lastKnownFileType = sourcecode.swift; path = AppDelegate.swift; sourceTree = "<group>"; };
		319435071FC08AEF0018537C /* MainViewController.swift */ = {isa = PBXFileReference; lastKnownFileType = sourcecode.swift; path = MainViewController.swift; sourceTree = "<group>"; };
		3194350A1FC08AEF0018537C /* Base */ = {isa = PBXFileReference; lastKnownFileType = file.storyboard; name = Base; path = Base.lproj/Main.storyboard; sourceTree = "<group>"; };
		3194350C1FC08AEF0018537C /* Assets.xcassets */ = {isa = PBXFileReference; lastKnownFileType = folder.assetcatalog; path = Assets.xcassets; sourceTree = "<group>"; };
		3194350F1FC08AEF0018537C /* Base */ = {isa = PBXFileReference; lastKnownFileType = file.storyboard; name = Base; path = Base.lproj/LaunchScreen.storyboard; sourceTree = "<group>"; };
		319435111FC08AEF0018537C /* Info.plist */ = {isa = PBXFileReference; lastKnownFileType = text.plist.xml; path = Info.plist; sourceTree = "<group>"; };
		31F7F70E1FC212560088EDCF /* CoreData.framework */ = {isa = PBXFileReference; lastKnownFileType = wrapper.framework; name = CoreData.framework; path = System/Library/Frameworks/CoreData.framework; sourceTree = SDKROOT; };
		31F7F7311FC217520088EDCF /* surf.xcdatamodel */ = {isa = PBXFileReference; lastKnownFileType = wrapper.xcdatamodel; path = surf.xcdatamodel; sourceTree = "<group>"; };
		31F7F7331FC21BFB0088EDCF /* BookmarkViewController.swift */ = {isa = PBXFileReference; lastKnownFileType = sourcecode.swift; path = BookmarkViewController.swift; sourceTree = "<group>"; };
/* End PBXFileReference section */

/* Begin PBXFrameworksBuildPhase section */
		319434FF1FC08AEE0018537C /* Frameworks */ = {
			isa = PBXFrameworksBuildPhase;
			buildActionMask = 2147483647;
			files = (
			);
			runOnlyForDeploymentPostprocessing = 0;
		};
/* End PBXFrameworksBuildPhase section */

/* Begin PBXGroup section */
		319434F91FC08AEE0018537C = {
			isa = PBXGroup;
			children = (
				319435041FC08AEF0018537C /* Surf */,
				319435031FC08AEF0018537C /* Products */,
				31F7F70D1FC212560088EDCF /* Frameworks */,
			);
			sourceTree = "<group>";
		};
		319435031FC08AEF0018537C /* Products */ = {
			isa = PBXGroup;
			children = (
				319435021FC08AEF0018537C /* Surf.app */,
			);
			name = Products;
			sourceTree = "<group>";
		};
		319435041FC08AEF0018537C /* Surf */ = {
			isa = PBXGroup;
			children = (
				319435051FC08AEF0018537C /* AppDelegate.swift */,
				319435071FC08AEF0018537C /* MainViewController.swift */,
				31F7F7331FC21BFB0088EDCF /* BookmarkViewController.swift */,
				319435091FC08AEF0018537C /* Main.storyboard */,
				3194350C1FC08AEF0018537C /* Assets.xcassets */,
				3194350E1FC08AEF0018537C /* LaunchScreen.storyboard */,
				319435111FC08AEF0018537C /* Info.plist */,
				31F7F7301FC217520088EDCF /* surf.xcdatamodeld */,
			);
			path = Surf;
			sourceTree = "<group>";
		};
		31F7F70D1FC212560088EDCF /* Frameworks */ = {
			isa = PBXGroup;
			children = (
				31F7F70E1FC212560088EDCF /* CoreData.framework */,
			);
			name = Frameworks;
			sourceTree = "<group>";
		};
/* End PBXGroup section */

/* Begin PBXNativeTarget section */
		319435011FC08AEE0018537C /* Surf */ = {
			isa = PBXNativeTarget;
			buildConfigurationList = 319435141FC08AEF0018537C /* Build configuration list for PBXNativeTarget "Surf" */;
			buildPhases = (
				319434FE1FC08AEE0018537C /* Sources */,
				319434FF1FC08AEE0018537C /* Frameworks */,
				319435001FC08AEE0018537C /* Resources */,
			);
			buildRules = (
			);
			dependencies = (
			);
			name = Surf;
			productName = Surf;
			productReference = 319435021FC08AEF0018537C /* Surf.app */;
			productType = "com.apple.product-type.application";
		};
/* End PBXNativeTarget section */

/* Begin PBXProject section */
		319434FA1FC08AEE0018537C /* Project object */ = {
			isa = PBXProject;
			attributes = {
				LastSwiftUpdateCheck = 0830;
				LastUpgradeCheck = 0910;
				ORGANIZATIONNAME = "Zhaowei Wu";
				TargetAttributes = {
					319435011FC08AEE0018537C = {
						CreatedOnToolsVersion = 8.3.3;
						DevelopmentTeam = W329T93473;
						LastSwiftMigration = 0910;
						ProvisioningStyle = Automatic;
					};
				};
			};
			buildConfigurationList = 319434FD1FC08AEE0018537C /* Build configuration list for PBXProject "Surf" */;
			compatibilityVersion = "Xcode 3.2";
			developmentRegion = English;
			hasScannedForEncodings = 0;
			knownRegions = (
				en,
				Base,
			);
			mainGroup = 319434F91FC08AEE0018537C;
			productRefGroup = 319435031FC08AEF0018537C /* Products */;
			projectDirPath = "";
			projectRoot = "";
			targets = (
				319435011FC08AEE0018537C /* Surf */,
			);
		};
/* End PBXProject section */

/* Begin PBXResourcesBuildPhase section */
		319435001FC08AEE0018537C /* Resources */ = {
			isa = PBXResourcesBuildPhase;
			buildActionMask = 2147483647;
			files = (
				319435101FC08AEF0018537C /* LaunchScreen.storyboard in Resources */,
				3194350D1FC08AEF0018537C /* Assets.xcassets in Resources */,
				3194350B1FC08AEF0018537C /* Main.storyboard in Resources */,
			);
			runOnlyForDeploymentPostprocessing = 0;
		};
/* End PBXResourcesBuildPhase section */

/* Begin PBXSourcesBuildPhase section */
		319434FE1FC08AEE0018537C /* Sources */ = {
			isa = PBXSourcesBuildPhase;
			buildActionMask = 2147483647;
			files = (
				31F7F7341FC21BFB0088EDCF /* BookmarkViewController.swift in Sources */,
				319435081FC08AEF0018537C /* MainViewController.swift in Sources */,
				31F7F7321FC217520088EDCF /* surf.xcdatamodeld in Sources */,
				319435061FC08AEF0018537C /* AppDelegate.swift in Sources */,
			);
			runOnlyForDeploymentPostprocessing = 0;
		};
/* End PBXSourcesBuildPhase section */

/* Begin PBXVariantGroup section */
		319435091FC08AEF0018537C /* Main.storyboard */ = {
			isa = PBXVariantGroup;
			children = (
				3194350A1FC08AEF0018537C /* Base */,
			);
			name = Main.storyboard;
			sourceTree = "<group>";
		};
		3194350E1FC08AEF0018537C /* LaunchScreen.storyboard */ = {
			isa = PBXVariantGroup;
			children = (
				3194350F1FC08AEF0018537C /* Base */,
			);
			name = LaunchScreen.storyboard;
			sourceTree = "<group>";
		};
/* End PBXVariantGroup section */

/* Begin XCBuildConfiguration section */
		319435121FC08AEF0018537C /* Debug */ = {
			isa = XCBuildConfiguration;
			buildSettings = {
				ALWAYS_SEARCH_USER_PATHS = NO;
				CLANG_ANALYZER_NONNULL = YES;
				CLANG_ANALYZER_NUMBER_OBJECT_CONVERSION = YES_AGGRESSIVE;
				CLANG_CXX_LANGUAGE_STANDARD = "gnu++0x";
				CLANG_CXX_LIBRARY = "libc++";
				CLANG_ENABLE_MODULES = YES;
				CLANG_ENABLE_OBJC_ARC = YES;
				CLANG_WARN_BLOCK_CAPTURE_AUTORELEASING = YES;
				CLANG_WARN_BOOL_CONVERSION = YES;
				CLANG_WARN_COMMA = YES;
				CLANG_WARN_CONSTANT_CONVERSION = YES;
				CLANG_WARN_DIRECT_OBJC_ISA_USAGE = YES_ERROR;
				CLANG_WARN_DOCUMENTATION_COMMENTS = YES;
				CLANG_WARN_EMPTY_BODY = YES;
				CLANG_WARN_ENUM_CONVERSION = YES;
				CLANG_WARN_INFINITE_RECURSION = YES;
				CLANG_WARN_INT_CONVERSION = YES;
				CLANG_WARN_NON_LITERAL_NULL_CONVERSION = YES;
				CLANG_WARN_OBJC_LITERAL_CONVERSION = YES;
				CLANG_WARN_OBJC_ROOT_CLASS = YES_ERROR;
				CLANG_WARN_RANGE_LOOP_ANALYSIS = YES;
				CLANG_WARN_STRICT_PROTOTYPES = YES;
				CLANG_WARN_SUSPICIOUS_MOVE = YES;
				CLANG_WARN_UNREACHABLE_CODE = YES;
				CLANG_WARN__DUPLICATE_METHOD_MATCH = YES;
				"CODE_SIGN_IDENTITY[sdk=iphoneos*]" = "iPhone Developer";
				COPY_PHASE_STRIP = NO;
				DEBUG_INFORMATION_FORMAT = dwarf;
				ENABLE_STRICT_OBJC_MSGSEND = YES;
				ENABLE_TESTABILITY = YES;
				GCC_C_LANGUAGE_STANDARD = gnu99;
				GCC_DYNAMIC_NO_PIC = NO;
				GCC_NO_COMMON_BLOCKS = YES;
				GCC_OPTIMIZATION_LEVEL = 0;
				GCC_PREPROCESSOR_DEFINITIONS = (
					"DEBUG=1",
					"$(inherited)",
				);
				GCC_WARN_64_TO_32_BIT_CONVERSION = YES;
				GCC_WARN_ABOUT_RETURN_TYPE = YES_ERROR;
				GCC_WARN_UNDECLARED_SELECTOR = YES;
				GCC_WARN_UNINITIALIZED_AUTOS = YES_AGGRESSIVE;
				GCC_WARN_UNUSED_FUNCTION = YES;
				GCC_WARN_UNUSED_VARIABLE = YES;
				IPHONEOS_DEPLOYMENT_TARGET = 10.3;
				MTL_ENABLE_DEBUG_INFO = YES;
				ONLY_ACTIVE_ARCH = YES;
				SDKROOT = iphoneos;
				SWIFT_ACTIVE_COMPILATION_CONDITIONS = DEBUG;
				SWIFT_OPTIMIZATION_LEVEL = "-Onone";
				TARGETED_DEVICE_FAMILY = "1,2";
			};
			name = Debug;
		};
		319435131FC08AEF0018537C /* Release */ = {
			isa = XCBuildConfiguration;
			buildSettings = {
				ALWAYS_SEARCH_USER_PATHS = NO;
				CLANG_ANALYZER_NONNULL = YES;
				CLANG_ANALYZER_NUMBER_OBJECT_CONVERSION = YES_AGGRESSIVE;
				CLANG_CXX_LANGUAGE_STANDARD = "gnu++0x";
				CLANG_CXX_LIBRARY = "libc++";
				CLANG_ENABLE_MODULES = YES;
				CLANG_ENABLE_OBJC_ARC = YES;
				CLANG_WARN_BLOCK_CAPTURE_AUTORELEASING = YES;
				CLANG_WARN_BOOL_CONVERSION = YES;
				CLANG_WARN_COMMA = YES;
				CLANG_WARN_CONSTANT_CONVERSION = YES;
				CLANG_WARN_DIRECT_OBJC_ISA_USAGE = YES_ERROR;
				CLANG_WARN_DOCUMENTATION_COMMENTS = YES;
				CLANG_WARN_EMPTY_BODY = YES;
				CLANG_WARN_ENUM_CONVERSION = YES;
				CLANG_WARN_INFINITE_RECURSION = YES;
				CLANG_WARN_INT_CONVERSION = YES;
				CLANG_WARN_NON_LITERAL_NULL_CONVERSION = YES;
				CLANG_WARN_OBJC_LITERAL_CONVERSION = YES;
				CLANG_WARN_OBJC_ROOT_CLASS = YES_ERROR;
				CLANG_WARN_RANGE_LOOP_ANALYSIS = YES;
				CLANG_WARN_STRICT_PROTOTYPES = YES;
				CLANG_WARN_SUSPICIOUS_MOVE = YES;
				CLANG_WARN_UNREACHABLE_CODE = YES;
				CLANG_WARN__DUPLICATE_METHOD_MATCH = YES;
				"CODE_SIGN_IDENTITY[sdk=iphoneos*]" = "iPhone Developer";
				COPY_PHASE_STRIP = NO;
				DEBUG_INFORMATION_FORMAT = "dwarf-with-dsym";
				ENABLE_NS_ASSERTIONS = NO;
				ENABLE_STRICT_OBJC_MSGSEND = YES;
				GCC_C_LANGUAGE_STANDARD = gnu99;
				GCC_NO_COMMON_BLOCKS = YES;
				GCC_WARN_64_TO_32_BIT_CONVERSION = YES;
				GCC_WARN_ABOUT_RETURN_TYPE = YES_ERROR;
				GCC_WARN_UNDECLARED_SELECTOR = YES;
				GCC_WARN_UNINITIALIZED_AUTOS = YES_AGGRESSIVE;
				GCC_WARN_UNUSED_FUNCTION = YES;
				GCC_WARN_UNUSED_VARIABLE = YES;
				IPHONEOS_DEPLOYMENT_TARGET = 10.3;
				MTL_ENABLE_DEBUG_INFO = NO;
				SDKROOT = iphoneos;
				SWIFT_OPTIMIZATION_LEVEL = "-Owholemodule";
				TARGETED_DEVICE_FAMILY = "1,2";
				VALIDATE_PRODUCT = YES;
			};
			name = Release;
		};
		319435151FC08AEF0018537C /* Debug */ = {
			isa = XCBuildConfiguration;
			buildSettings = {
				ASSETCATALOG_COMPILER_APPICON_NAME = AppIcon;
				DEVELOPMENT_TEAM = W329T93473;
				INFOPLIST_FILE = Surf/Info.plist;
				IPHONEOS_DEPLOYMENT_TARGET = 11.1;
				LD_RUNPATH_SEARCH_PATHS = "$(inherited) @executable_path/Frameworks";
				PRODUCT_BUNDLE_IDENTIFIER = com.example.Surf;
				PRODUCT_NAME = "$(TARGET_NAME)";
				SWIFT_SWIFT3_OBJC_INFERENCE = On;
				SWIFT_VERSION = 4.0;
			};
			name = Debug;
		};
		319435161FC08AEF0018537C /* Release */ = {
			isa = XCBuildConfiguration;
			buildSettings = {
				ASSETCATALOG_COMPILER_APPICON_NAME = AppIcon;
				DEVELOPMENT_TEAM = W329T93473;
				INFOPLIST_FILE = Surf/Info.plist;
				IPHONEOS_DEPLOYMENT_TARGET = 11.1;
				LD_RUNPATH_SEARCH_PATHS = "$(inherited) @executable_path/Frameworks";
				PRODUCT_BUNDLE_IDENTIFIER = com.example.Surf;
				PRODUCT_NAME = "$(TARGET_NAME)";
				SWIFT_SWIFT3_OBJC_INFERENCE = On;
				SWIFT_VERSION = 4.0;
			};
			name = Release;
		};
/* End XCBuildConfiguration section */

/* Begin XCConfigurationList section */
		319434FD1FC08AEE0018537C /* Build configuration list for PBXProject "Surf" */ = {
			isa = XCConfigurationList;
			buildConfigurations = (
				319435121FC08AEF0018537C /* Debug */,
				319435131FC08AEF0018537C /* Release */,
			);
			defaultConfigurationIsVisible = 0;
			defaultConfigurationName = Release;
		};
		319435141FC08AEF0018537C /* Build configuration list for PBXNativeTarget "Surf" */ = {
			isa = XCConfigurationList;
			buildConfigurations = (
				319435151FC08AEF0018537C /* Debug */,
				319435161FC08AEF0018537C /* Release */,
			);
			defaultConfigurationIsVisible = 0;
			defaultConfigurationName = Release;
		};
/* End XCConfigurationList section */

/* Begin XCVersionGroup section */
		31F7F7301FC217520088EDCF /* surf.xcdatamodeld */ = {
			isa = XCVersionGroup;
			children = (
				31F7F7311FC217520088EDCF /* surf.xcdatamodel */,
			);
			currentVersion = 31F7F7311FC217520088EDCF /* surf.xcdatamodel */;
			path = surf.xcdatamodeld;
			sourceTree = "<group>";
			versionGroupType = wrapper.xcdatamodel;
		};
/* End XCVersionGroup section */
	};
	rootObject = 319434FA1FC08AEE0018537C /* Project object */;
}
